
Microsoft Visual Studio Solution File, Format Version 12.00
# Visual Studio Version 17
VisualStudioVersion = 17.0.32112.339
MinimumVisualStudioVersion = 10.0.40219.1
Project("{9A19103F-16F7-4668-BE54-9A1E7A4F7556}") = "BlockchainProvider", "BlockchainProvider\BlockchainProvider.csproj", "{26000CF0-AEC4-4E5E-8BB6-4856A58E27DD}"
EndProject
Project("{FAE04EC0-301F-11D3-BF4B-00C04F79EFBC}") = "BlockchainProvider.Tests", "BlockchainProvider.Tests\BlockchainProvider.Tests.csproj", "{554DFE52-7E78-494E-9E9A-7BF523BF1A1E}"
EndProject
Global
	GlobalSection(SolutionConfigurationPlatforms) = preSolution
		Debug|Any CPU = Debug|Any CPU
		Release|Any CPU = Release|Any CPU
	EndGlobalSection
	GlobalSection(ProjectConfigurationPlatforms) = postSolution
		{26000CF0-AEC4-4E5E-8BB6-4856A58E27DD}.Debug|Any CPU.ActiveCfg = Debug|Any CPU
		{26000CF0-AEC4-4E5E-8BB6-4856A58E27DD}.Debug|Any CPU.Build.0 = Debug|Any CPU
		{26000CF0-AEC4-4E5E-8BB6-4856A58E27DD}.Release|Any CPU.ActiveCfg = Release|Any CPU
		{26000CF0-AEC4-4E5E-8BB6-4856A58E27DD}.Release|Any CPU.Build.0 = Release|Any CPU
		{554DFE52-7E78-494E-9E9A-7BF523BF1A1E}.Debug|Any CPU.ActiveCfg = Debug|Any CPU
		{554DFE52-7E78-494E-9E9A-7BF523BF1A1E}.Debug|Any CPU.Build.0 = Debug|Any CPU
		{554DFE52-7E78-494E-9E9A-7BF523BF1A1E}.Release|Any CPU.ActiveCfg = Release|Any CPU
		{554DFE52-7E78-494E-9E9A-7BF523BF1A1E}.Release|Any CPU.Build.0 = Release|Any CPU
	EndGlobalSection
	GlobalSection(SolutionProperties) = preSolution
		HideSolutionNode = FALSE
	EndGlobalSection
	GlobalSection(ExtensibilityGlobals) = postSolution
		SolutionGuid = {841CDCD1-D468-49D9-B0DA-0250060607F6}
	EndGlobalSection
EndGlobal
